
Microsoft Visual Studio Solution File, Format Version 12.00
# Visual Studio Version 17
VisualStudioVersion = 17.5.002.0
MinimumVisualStudioVersion = 10.0.40219.1
Project("{9A19103F-16F7-4668-BE54-9A1E7A4F7556}") = "TP5", "TP5.csproj", "{016BF531-8D7C-4F78-95CF-BE1C796E89BB}"
EndProject
Global
	GlobalSection(SolutionConfigurationPlatforms) = preSolution
		Debug|Any CPU = Debug|Any CPU
		Release|Any CPU = Release|Any CPU
	EndGlobalSection
	GlobalSection(ProjectConfigurationPlatforms) = postSolution
		{016BF531-8D7C-4F78-95CF-BE1C796E89BB}.Debug|Any CPU.ActiveCfg = Debug|Any CPU
		{016BF531-8D7C-4F78-95CF-BE1C796E89BB}.Debug|Any CPU.Build.0 = Debug|Any CPU
		{016BF531-8D7C-4F78-95CF-BE1C796E89BB}.Release|Any CPU.ActiveCfg = Release|Any CPU
		{016BF531-8D7C-4F78-95CF-BE1C796E89BB}.Release|Any CPU.Build.0 = Release|Any CPU
	EndGlobalSection
	GlobalSection(SolutionProperties) = preSolution
		HideSolutionNode = FALSE
	EndGlobalSection
	GlobalSection(ExtensibilityGlobals) = postSolution
		SolutionGuid = {2725F527-928B-4C19-A623-BBF7D5482FBA}
	EndGlobalSection
EndGlobal
